
Microsoft Visual Studio Solution File, Format Version 12.00
# Visual Studio Version 16
VisualStudioVersion = 16.0.30011.22
MinimumVisualStudioVersion = 10.0.40219.1
Project("{FAE04EC0-301F-11D3-BF4B-00C04F79EFBC}") = "SquareFigure", "SquareFigure\SquareFigure.csproj", "{EF968121-9CE4-4FB7-9DF6-33ADDD076F52}"
EndProject
Project("{FAE04EC0-301F-11D3-BF4B-00C04F79EFBC}") = "testing", "testing\testing.csproj", "{30F74594-93E7-4098-B25D-E73999B75BDD}"
EndProject
Global
	GlobalSection(SolutionConfigurationPlatforms) = preSolution
		Debug|Any CPU = Debug|Any CPU
		Release|Any CPU = Release|Any CPU
	EndGlobalSection
	GlobalSection(ProjectConfigurationPlatforms) = postSolution
		{EF968121-9CE4-4FB7-9DF6-33ADDD076F52}.Debug|Any CPU.ActiveCfg = Debug|Any CPU
		{EF968121-9CE4-4FB7-9DF6-33ADDD076F52}.Debug|Any CPU.Build.0 = Debug|Any CPU
		{EF968121-9CE4-4FB7-9DF6-33ADDD076F52}.Release|Any CPU.ActiveCfg = Release|Any CPU
		{EF968121-9CE4-4FB7-9DF6-33ADDD076F52}.Release|Any CPU.Build.0 = Release|Any CPU
		{30F74594-93E7-4098-B25D-E73999B75BDD}.Debug|Any CPU.ActiveCfg = Debug|Any CPU
		{30F74594-93E7-4098-B25D-E73999B75BDD}.Debug|Any CPU.Build.0 = Debug|Any CPU
		{30F74594-93E7-4098-B25D-E73999B75BDD}.Release|Any CPU.ActiveCfg = Release|Any CPU
		{30F74594-93E7-4098-B25D-E73999B75BDD}.Release|Any CPU.Build.0 = Release|Any CPU
	EndGlobalSection
	GlobalSection(SolutionProperties) = preSolution
		HideSolutionNode = FALSE
	EndGlobalSection
	GlobalSection(ExtensibilityGlobals) = postSolution
		SolutionGuid = {B29FC84D-7A79-4A74-A510-6EC109C4D962}
	EndGlobalSection
EndGlobal
